
Microsoft Visual Studio Solution File, Format Version 12.00
# Visual Studio Version 16
VisualStudioVersion = 16.0.29728.190
MinimumVisualStudioVersion = 10.0.40219.1
Project("{9A19103F-16F7-4668-BE54-9A1E7A4F7556}") = "Calculator", "Calculator\Calculator.csproj", "{7A03A36E-3302-40F0-851E-93795D197E33}"
EndProject
Project("{9A19103F-16F7-4668-BE54-9A1E7A4F7556}") = "Calculator.Tests", "Calculator.Tests\Calculator.Tests.csproj", "{65E82727-D78A-4B49-8F1D-36C92ECB0843}"
	ProjectSection(ProjectDependencies) = postProject
		{7A03A36E-3302-40F0-851E-93795D197E33} = {7A03A36E-3302-40F0-851E-93795D197E33}
	EndProjectSection
EndProject
Project("{FAE04EC0-301F-11D3-BF4B-00C04F79EFBC}") = "MathPlaybook", "MathPlaybook\MathPlaybook.csproj", "{949B8545-ACD4-44AD-AA1B-A8C7394626FE}"
EndProject
Project("{FAE04EC0-301F-11D3-BF4B-00C04F79EFBC}") = "DataBase", "DataBase\DataBase.csproj", "{1508B24B-FABF-4194-9809-572A2A992184}"
EndProject
Global
	GlobalSection(SolutionConfigurationPlatforms) = preSolution
		Debug|Any CPU = Debug|Any CPU
		Release|Any CPU = Release|Any CPU
	EndGlobalSection
	GlobalSection(ProjectConfigurationPlatforms) = postSolution
		{7A03A36E-3302-40F0-851E-93795D197E33}.Debug|Any CPU.ActiveCfg = Debug|Any CPU
		{7A03A36E-3302-40F0-851E-93795D197E33}.Debug|Any CPU.Build.0 = Debug|Any CPU
		{7A03A36E-3302-40F0-851E-93795D197E33}.Release|Any CPU.ActiveCfg = Release|Any CPU
		{7A03A36E-3302-40F0-851E-93795D197E33}.Release|Any CPU.Build.0 = Release|Any CPU
		{65E82727-D78A-4B49-8F1D-36C92ECB0843}.Debug|Any CPU.ActiveCfg = Debug|Any CPU
		{65E82727-D78A-4B49-8F1D-36C92ECB0843}.Debug|Any CPU.Build.0 = Debug|Any CPU
		{65E82727-D78A-4B49-8F1D-36C92ECB0843}.Release|Any CPU.ActiveCfg = Release|Any CPU
		{65E82727-D78A-4B49-8F1D-36C92ECB0843}.Release|Any CPU.Build.0 = Release|Any CPU
		{949B8545-ACD4-44AD-AA1B-A8C7394626FE}.Debug|Any CPU.ActiveCfg = Debug|Any CPU
		{949B8545-ACD4-44AD-AA1B-A8C7394626FE}.Debug|Any CPU.Build.0 = Debug|Any CPU
		{949B8545-ACD4-44AD-AA1B-A8C7394626FE}.Release|Any CPU.ActiveCfg = Release|Any CPU
		{949B8545-ACD4-44AD-AA1B-A8C7394626FE}.Release|Any CPU.Build.0 = Release|Any CPU
		{1508B24B-FABF-4194-9809-572A2A992184}.Debug|Any CPU.ActiveCfg = Debug|Any CPU
		{1508B24B-FABF-4194-9809-572A2A992184}.Debug|Any CPU.Build.0 = Debug|Any CPU
		{1508B24B-FABF-4194-9809-572A2A992184}.Release|Any CPU.ActiveCfg = Release|Any CPU
		{1508B24B-FABF-4194-9809-572A2A992184}.Release|Any CPU.Build.0 = Release|Any CPU
	EndGlobalSection
	GlobalSection(SolutionProperties) = preSolution
		HideSolutionNode = FALSE
	EndGlobalSection
	GlobalSection(ExtensibilityGlobals) = postSolution
		SolutionGuid = {F58299FB-E0A7-4BB8-9CAD-098E3B1AB2D7}
	EndGlobalSection
EndGlobal
